
Microsoft Visual Studio Solution File, Format Version 12.00
# Visual Studio 15
VisualStudioVersion = 15.0.26730.16
MinimumVisualStudioVersion = 10.0.40219.1
Project("{FAE04EC0-301F-11D3-BF4B-00C04F79EFBC}") = "TesteLibraries", "TesteLibraries\TesteLibraries.csproj", "{4351A02E-6259-46DA-8456-1D0524BF4BC4}"
EndProject
Project("{FAE04EC0-301F-11D3-BF4B-00C04F79EFBC}") = "ClassLibrary1", "ClassLibrary1\ClassLibrary1.csproj", "{1A03D6DD-EDB4-42AE-B4FA-C01ADC497DDA}"
EndProject
Global
	GlobalSection(SolutionConfigurationPlatforms) = preSolution
		Debug|Any CPU = Debug|Any CPU
		Release|Any CPU = Release|Any CPU
	EndGlobalSection
	GlobalSection(ProjectConfigurationPlatforms) = postSolution
		{4351A02E-6259-46DA-8456-1D0524BF4BC4}.Debug|Any CPU.ActiveCfg = Debug|Any CPU
		{4351A02E-6259-46DA-8456-1D0524BF4BC4}.Debug|Any CPU.Build.0 = Debug|Any CPU
		{4351A02E-6259-46DA-8456-1D0524BF4BC4}.Release|Any CPU.ActiveCfg = Release|Any CPU
		{4351A02E-6259-46DA-8456-1D0524BF4BC4}.Release|Any CPU.Build.0 = Release|Any CPU
		{1A03D6DD-EDB4-42AE-B4FA-C01ADC497DDA}.Debug|Any CPU.ActiveCfg = Debug|Any CPU
		{1A03D6DD-EDB4-42AE-B4FA-C01ADC497DDA}.Debug|Any CPU.Build.0 = Debug|Any CPU
		{1A03D6DD-EDB4-42AE-B4FA-C01ADC497DDA}.Release|Any CPU.ActiveCfg = Release|Any CPU
		{1A03D6DD-EDB4-42AE-B4FA-C01ADC497DDA}.Release|Any CPU.Build.0 = Release|Any CPU
	EndGlobalSection
	GlobalSection(SolutionProperties) = preSolution
		HideSolutionNode = FALSE
	EndGlobalSection
	GlobalSection(ExtensibilityGlobals) = postSolution
		SolutionGuid = {CCA77610-0A16-45FC-BE9E-C21FD0F77670}
	EndGlobalSection
EndGlobal
